
Microsoft Visual Studio Solution File, Format Version 12.00
# Visual Studio Version 17
VisualStudioVersion = 17.10.34916.146
MinimumVisualStudioVersion = 10.0.40219.1
Project("{FAE04EC0-301F-11D3-BF4B-00C04F79EFBC}") = "Abstract Classes and Methods", "Abstract Classes and Methods.csproj", "{975B5140-EA2C-425E-8A09-371A94B88083}"
EndProject
Global
	GlobalSection(SolutionConfigurationPlatforms) = preSolution
		Debug|Any CPU = Debug|Any CPU
		Release|Any CPU = Release|Any CPU
	EndGlobalSection
	GlobalSection(ProjectConfigurationPlatforms) = postSolution
		{975B5140-EA2C-425E-8A09-371A94B88083}.Debug|Any CPU.ActiveCfg = Debug|Any CPU
		{975B5140-EA2C-425E-8A09-371A94B88083}.Debug|Any CPU.Build.0 = Debug|Any CPU
		{975B5140-EA2C-425E-8A09-371A94B88083}.Release|Any CPU.ActiveCfg = Release|Any CPU
		{975B5140-EA2C-425E-8A09-371A94B88083}.Release|Any CPU.Build.0 = Release|Any CPU
	EndGlobalSection
	GlobalSection(SolutionProperties) = preSolution
		HideSolutionNode = FALSE
	EndGlobalSection
	GlobalSection(ExtensibilityGlobals) = postSolution
		SolutionGuid = {88BAB323-E6D0-4F04-8170-C1DCEDCFCCA9}
	EndGlobalSection
EndGlobal
